
Microsoft Visual Studio Solution File, Format Version 12.00
# Visual Studio Version 17
VisualStudioVersion = 17.5.002.0
MinimumVisualStudioVersion = 10.0.40219.1
Project("{9A19103F-16F7-4668-BE54-9A1E7A4F7556}") = "TableCreation_MVC_prototype1", "TableCreation_MVC_prototype1.csproj", "{F876193B-16E8-4389-851F-A8E6998BC589}"
EndProject
Global
	GlobalSection(SolutionConfigurationPlatforms) = preSolution
		Debug|Any CPU = Debug|Any CPU
		Release|Any CPU = Release|Any CPU
	EndGlobalSection
	GlobalSection(ProjectConfigurationPlatforms) = postSolution
		{F876193B-16E8-4389-851F-A8E6998BC589}.Debug|Any CPU.ActiveCfg = Debug|Any CPU
		{F876193B-16E8-4389-851F-A8E6998BC589}.Debug|Any CPU.Build.0 = Debug|Any CPU
		{F876193B-16E8-4389-851F-A8E6998BC589}.Release|Any CPU.ActiveCfg = Release|Any CPU
		{F876193B-16E8-4389-851F-A8E6998BC589}.Release|Any CPU.Build.0 = Release|Any CPU
	EndGlobalSection
	GlobalSection(SolutionProperties) = preSolution
		HideSolutionNode = FALSE
	EndGlobalSection
	GlobalSection(ExtensibilityGlobals) = postSolution
		SolutionGuid = {56DBE17F-ACD4-410C-8DA1-36DBC41331F3}
	EndGlobalSection
EndGlobal
